
Microsoft Visual Studio Solution File, Format Version 12.00
# Visual Studio Version 17
VisualStudioVersion = 17.6.33829.357
MinimumVisualStudioVersion = 10.0.40219.1
Project("{FAE04EC0-301F-11D3-BF4B-00C04F79EFBC}") = "Kazuo.ProjetoTest", "Kazuo.ProjetoTest\Kazuo.ProjetoTest.csproj", "{3762A19E-AF7B-4D61-AB20-50FF7B7709FB}"
EndProject
Global
	GlobalSection(SolutionConfigurationPlatforms) = preSolution
		Debug|Any CPU = Debug|Any CPU
		Release|Any CPU = Release|Any CPU
	EndGlobalSection
	GlobalSection(ProjectConfigurationPlatforms) = postSolution
		{3762A19E-AF7B-4D61-AB20-50FF7B7709FB}.Debug|Any CPU.ActiveCfg = Debug|Any CPU
		{3762A19E-AF7B-4D61-AB20-50FF7B7709FB}.Debug|Any CPU.Build.0 = Debug|Any CPU
		{3762A19E-AF7B-4D61-AB20-50FF7B7709FB}.Release|Any CPU.ActiveCfg = Release|Any CPU
		{3762A19E-AF7B-4D61-AB20-50FF7B7709FB}.Release|Any CPU.Build.0 = Release|Any CPU
	EndGlobalSection
	GlobalSection(SolutionProperties) = preSolution
		HideSolutionNode = FALSE
	EndGlobalSection
	GlobalSection(ExtensibilityGlobals) = postSolution
		SolutionGuid = {49B217E4-E57C-42E0-B681-544803A3FA46}
	EndGlobalSection
EndGlobal
